
Microsoft Visual Studio Solution File, Format Version 12.00
# Visual Studio Version 16
VisualStudioVersion = 16.0.30611.23
MinimumVisualStudioVersion = 10.0.40219.1
Project("{FAE04EC0-301F-11D3-BF4B-00C04F79EFBC}") = "country_challenge_rest", "country_challenge_rest\country_challenge_rest.csproj", "{BC74A878-4F13-4B02-85EB-92BC0DCC7A7B}"
EndProject
Global
	GlobalSection(SolutionConfigurationPlatforms) = preSolution
		Debug|Any CPU = Debug|Any CPU
		Release|Any CPU = Release|Any CPU
	EndGlobalSection
	GlobalSection(ProjectConfigurationPlatforms) = postSolution
		{BC74A878-4F13-4B02-85EB-92BC0DCC7A7B}.Debug|Any CPU.ActiveCfg = Debug|Any CPU
		{BC74A878-4F13-4B02-85EB-92BC0DCC7A7B}.Debug|Any CPU.Build.0 = Debug|Any CPU
		{BC74A878-4F13-4B02-85EB-92BC0DCC7A7B}.Release|Any CPU.ActiveCfg = Release|Any CPU
		{BC74A878-4F13-4B02-85EB-92BC0DCC7A7B}.Release|Any CPU.Build.0 = Release|Any CPU
	EndGlobalSection
	GlobalSection(SolutionProperties) = preSolution
		HideSolutionNode = FALSE
	EndGlobalSection
	GlobalSection(ExtensibilityGlobals) = postSolution
		SolutionGuid = {22083FB9-52CE-4114-9BBE-62B87EB31A3F}
	EndGlobalSection
EndGlobal
